
Microsoft Visual Studio Solution File, Format Version 12.00
# Visual Studio Version 16
VisualStudioVersion = 16.0.33423.256
MinimumVisualStudioVersion = 10.0.40219.1
Project("{F184B08F-C81C-45F6-A57F-5ABD9991F28F}") = "company_payroll_30_04", "company_payroll_30_04.vbproj", "{BCB0F28D-7D08-4514-BFAF-99FC66456D38}"
EndProject
Global
	GlobalSection(SolutionConfigurationPlatforms) = preSolution
		Debug|Any CPU = Debug|Any CPU
		Release|Any CPU = Release|Any CPU
	EndGlobalSection
	GlobalSection(ProjectConfigurationPlatforms) = postSolution
		{BCB0F28D-7D08-4514-BFAF-99FC66456D38}.Debug|Any CPU.ActiveCfg = Debug|Any CPU
		{BCB0F28D-7D08-4514-BFAF-99FC66456D38}.Debug|Any CPU.Build.0 = Debug|Any CPU
		{BCB0F28D-7D08-4514-BFAF-99FC66456D38}.Release|Any CPU.ActiveCfg = Release|Any CPU
		{BCB0F28D-7D08-4514-BFAF-99FC66456D38}.Release|Any CPU.Build.0 = Release|Any CPU
	EndGlobalSection
	GlobalSection(SolutionProperties) = preSolution
		HideSolutionNode = FALSE
	EndGlobalSection
	GlobalSection(ExtensibilityGlobals) = postSolution
		SolutionGuid = {6A085EC6-92D1-4A21-A616-5998A42B4A63}
	EndGlobalSection
EndGlobal
